// !$*UTF8*$!
{
	archiveVersion = 1;
	classes = {
	};
	objectVersion = 56;
	objects = {

/* Begin PBXBuildFile section */
		EA3D03DE2BF6AF1800CC2DD0 /* MoveGenerator.swift in Sources */ = {isa = PBXBuildFile; fileRef = EA3D03C22BF6AF1800CC2DD0 /* MoveGenerator.swift */; };
		EA3D03DF2BF6AF1800CC2DD0 /* Move.swift in Sources */ = {isa = PBXBuildFile; fileRef = EA3D03C32BF6AF1800CC2DD0 /* Move.swift */; };
		EA3D03E02BF6AF1800CC2DD0 /* MoveList.swift in Sources */ = {isa = PBXBuildFile; fileRef = EA3D03C42BF6AF1800CC2DD0 /* MoveList.swift */; };
		EA3D03E12BF6AF1800CC2DD0 /* DefaultEvaluator.swift in Sources */ = {isa = PBXBuildFile; fileRef = EA3D03C52BF6AF1800CC2DD0 /* DefaultEvaluator.swift */; };
		EA3D03E22BF6AF1800CC2DD0 /* Piece.swift in Sources */ = {isa = PBXBuildFile; fileRef = EA3D03C62BF6AF1800CC2DD0 /* Piece.swift */; };
		EA3D03E32BF6AF1800CC2DD0 /* Aba.swift in Sources */ = {isa = PBXBuildFile; fileRef = EA3D03C72BF6AF1800CC2DD0 /* Aba.swift */; };
		EA3D03E42BF6AF1800CC2DD0 /* AnalysisInfo.swift in Sources */ = {isa = PBXBuildFile; fileRef = EA3D03C82BF6AF1800CC2DD0 /* AnalysisInfo.swift */; };
		EA3D03E52BF6AF1800CC2DD0 /* BasicEndgameEvaluators.swift in Sources */ = {isa = PBXBuildFile; fileRef = EA3D03C92BF6AF1800CC2DD0 /* BasicEndgameEvaluators.swift */; };
		EA3D03E62BF6AF1800CC2DD0 /* EvaluationSupport.swift in Sources */ = {isa = PBXBuildFile; fileRef = EA3D03CA2BF6AF1800CC2DD0 /* EvaluationSupport.swift */; };
		EA3D03E72BF6AF1800CC2DD0 /* MateDetector.swift in Sources */ = {isa = PBXBuildFile; fileRef = EA3D03CB2BF6AF1800CC2DD0 /* MateDetector.swift */; };
		EA3D03E82BF6AF1800CC2DD0 /* SquareInfo.swift in Sources */ = {isa = PBXBuildFile; fileRef = EA3D03CC2BF6AF1800CC2DD0 /* SquareInfo.swift */; };
		EA3D03E92BF6AF1800CC2DD0 /* GameState.swift in Sources */ = {isa = PBXBuildFile; fileRef = EA3D03CD2BF6AF1800CC2DD0 /* GameState.swift */; };
		EA3D03EA2BF6AF1800CC2DD0 /* AttackDetector.swift in Sources */ = {isa = PBXBuildFile; fileRef = EA3D03CE2BF6AF1800CC2DD0 /* AttackDetector.swift */; };
		EA3D03EC2BF6AF1800CC2DD0 /* ChessError.swift in Sources */ = {isa = PBXBuildFile; fileRef = EA3D03D12BF6AF1800CC2DD0 /* ChessError.swift */; };
		EA3D03ED2BF6AF1800CC2DD0 /* MoveSelectionController.swift in Sources */ = {isa = PBXBuildFile; fileRef = EA3D03D22BF6AF1800CC2DD0 /* MoveSelectionController.swift */; };
		EA3D03EE2BF6AF1800CC2DD0 /* InternalEvent.swift in Sources */ = {isa = PBXBuildFile; fileRef = EA3D03D32BF6AF1800CC2DD0 /* InternalEvent.swift */; };
		EA3D03EF2BF6AF1800CC2DD0 /* RunMode.swift in Sources */ = {isa = PBXBuildFile; fileRef = EA3D03D42BF6AF1800CC2DD0 /* RunMode.swift */; };
		EA3D03F02BF6AF1800CC2DD0 /* Result.swift in Sources */ = {isa = PBXBuildFile; fileRef = EA3D03D52BF6AF1800CC2DD0 /* Result.swift */; };
		EA3D03F12BF6AF1800CC2DD0 /* GameController.swift in Sources */ = {isa = PBXBuildFile; fileRef = EA3D03D62BF6AF1800CC2DD0 /* GameController.swift */; };
		EA3D03F22BF6AF1800CC2DD0 /* Square.swift in Sources */ = {isa = PBXBuildFile; fileRef = EA3D03D72BF6AF1800CC2DD0 /* Square.swift */; };
		EA3D03F32BF6AF1800CC2DD0 /* GlobalEvent.swift in Sources */ = {isa = PBXBuildFile; fileRef = EA3D03D82BF6AF1800CC2DD0 /* GlobalEvent.swift */; };
		EA3D03F52BF6AF1800CC2DD0 /* PlayerType.swift in Sources */ = {isa = PBXBuildFile; fileRef = EA3D03DA2BF6AF1800CC2DD0 /* PlayerType.swift */; };
		EA3D03F62BF6AF1800CC2DD0 /* EventDispatcher.swift in Sources */ = {isa = PBXBuildFile; fileRef = EA3D03DB2BF6AF1800CC2DD0 /* EventDispatcher.swift */; };
		EAEC096D2C1F259E0035F2D1 /* ChessBETests.swift in Sources */ = {isa = PBXBuildFile; fileRef = EAEC096C2C1F259E0035F2D1 /* ChessBETests.swift */; };
		EAEC096E2C1F259E0035F2D1 /* libChessBE.a in Frameworks */ = {isa = PBXBuildFile; fileRef = EA3D03B12BF6AEBE00CC2DD0 /* libChessBE.a */; };
		EAEC09752C21CB490035F2D1 /* GameWrapper.swift in Sources */ = {isa = PBXBuildFile; fileRef = EAEC09742C21CB490035F2D1 /* GameWrapper.swift */; };
		EAEC09772C21CC480035F2D1 /* Engine.swift in Sources */ = {isa = PBXBuildFile; fileRef = EAEC09762C21CC480035F2D1 /* Engine.swift */; };
/* End PBXBuildFile section */

/* Begin PBXContainerItemProxy section */
		EAEC095B2C1F214D0035F2D1 /* PBXContainerItemProxy */ = {
			isa = PBXContainerItemProxy;
			containerPortal = EAEC09552C1F214D0035F2D1 /* ChessEngine.xcodeproj */;
			proxyType = 2;
			remoteGlobalIDString = EA5D54D72BFCE26900F1BFB8;
			remoteInfo = ChessEngine;
		};
		EAEC095D2C1F214D0035F2D1 /* PBXContainerItemProxy */ = {
			isa = PBXContainerItemProxy;
			containerPortal = EAEC09552C1F214D0035F2D1 /* ChessEngine.xcodeproj */;
			proxyType = 2;
			remoteGlobalIDString = EA5D54FE2BFCE93900F1BFB8;
			remoteInfo = ChessEngineTests;
		};
		EAEC096F2C1F259E0035F2D1 /* PBXContainerItemProxy */ = {
			isa = PBXContainerItemProxy;
			containerPortal = EA3D03A92BF6AEBE00CC2DD0 /* Project object */;
			proxyType = 1;
			remoteGlobalIDString = EA3D03B02BF6AEBE00CC2DD0;
			remoteInfo = ChessBE;
		};
/* End PBXContainerItemProxy section */

/* Begin PBXFileReference section */
		EA3D03B12BF6AEBE00CC2DD0 /* libChessBE.a */ = {isa = PBXFileReference; explicitFileType = archive.ar; includeInIndex = 0; path = libChessBE.a; sourceTree = BUILT_PRODUCTS_DIR; };
		EA3D03C22BF6AF1800CC2DD0 /* MoveGenerator.swift */ = {isa = PBXFileReference; fileEncoding = 4; lastKnownFileType = sourcecode.swift; path = MoveGenerator.swift; sourceTree = "<group>"; };
		EA3D03C32BF6AF1800CC2DD0 /* Move.swift */ = {isa = PBXFileReference; fileEncoding = 4; lastKnownFileType = sourcecode.swift; path = Move.swift; sourceTree = "<group>"; };
		EA3D03C42BF6AF1800CC2DD0 /* MoveList.swift */ = {isa = PBXFileReference; fileEncoding = 4; lastKnownFileType = sourcecode.swift; path = MoveList.swift; sourceTree = "<group>"; };
		EA3D03C52BF6AF1800CC2DD0 /* DefaultEvaluator.swift */ = {isa = PBXFileReference; fileEncoding = 4; lastKnownFileType = sourcecode.swift; path = DefaultEvaluator.swift; sourceTree = "<group>"; };
		EA3D03C62BF6AF1800CC2DD0 /* Piece.swift */ = {isa = PBXFileReference; fileEncoding = 4; lastKnownFileType = sourcecode.swift; path = Piece.swift; sourceTree = "<group>"; };
		EA3D03C72BF6AF1800CC2DD0 /* Aba.swift */ = {isa = PBXFileReference; fileEncoding = 4; lastKnownFileType = sourcecode.swift; path = Aba.swift; sourceTree = "<group>"; };
		EA3D03C82BF6AF1800CC2DD0 /* AnalysisInfo.swift */ = {isa = PBXFileReference; fileEncoding = 4; lastKnownFileType = sourcecode.swift; path = AnalysisInfo.swift; sourceTree = "<group>"; };
		EA3D03C92BF6AF1800CC2DD0 /* BasicEndgameEvaluators.swift */ = {isa = PBXFileReference; fileEncoding = 4; lastKnownFileType = sourcecode.swift; path = BasicEndgameEvaluators.swift; sourceTree = "<group>"; };
		EA3D03CA2BF6AF1800CC2DD0 /* EvaluationSupport.swift */ = {isa = PBXFileReference; fileEncoding = 4; lastKnownFileType = sourcecode.swift; path = EvaluationSupport.swift; sourceTree = "<group>"; };
		EA3D03CB2BF6AF1800CC2DD0 /* MateDetector.swift */ = {isa = PBXFileReference; fileEncoding = 4; lastKnownFileType = sourcecode.swift; path = MateDetector.swift; sourceTree = "<group>"; };
		EA3D03CC2BF6AF1800CC2DD0 /* SquareInfo.swift */ = {isa = PBXFileReference; fileEncoding = 4; lastKnownFileType = sourcecode.swift; path = SquareInfo.swift; sourceTree = "<group>"; };
		EA3D03CD2BF6AF1800CC2DD0 /* GameState.swift */ = {isa = PBXFileReference; fileEncoding = 4; lastKnownFileType = sourcecode.swift; path = GameState.swift; sourceTree = "<group>"; };
		EA3D03CE2BF6AF1800CC2DD0 /* AttackDetector.swift */ = {isa = PBXFileReference; fileEncoding = 4; lastKnownFileType = sourcecode.swift; path = AttackDetector.swift; sourceTree = "<group>"; };
		EA3D03D12BF6AF1800CC2DD0 /* ChessError.swift */ = {isa = PBXFileReference; fileEncoding = 4; lastKnownFileType = sourcecode.swift; path = ChessError.swift; sourceTree = "<group>"; };
		EA3D03D22BF6AF1800CC2DD0 /* MoveSelectionController.swift */ = {isa = PBXFileReference; fileEncoding = 4; lastKnownFileType = sourcecode.swift; path = MoveSelectionController.swift; sourceTree = "<group>"; };
		EA3D03D32BF6AF1800CC2DD0 /* InternalEvent.swift */ = {isa = PBXFileReference; fileEncoding = 4; lastKnownFileType = sourcecode.swift; path = InternalEvent.swift; sourceTree = "<group>"; };
		EA3D03D42BF6AF1800CC2DD0 /* RunMode.swift */ = {isa = PBXFileReference; fileEncoding = 4; lastKnownFileType = sourcecode.swift; path = RunMode.swift; sourceTree = "<group>"; };
		EA3D03D52BF6AF1800CC2DD0 /* Result.swift */ = {isa = PBXFileReference; fileEncoding = 4; lastKnownFileType = sourcecode.swift; path = Result.swift; sourceTree = "<group>"; };
		EA3D03D62BF6AF1800CC2DD0 /* GameController.swift */ = {isa = PBXFileReference; fileEncoding = 4; lastKnownFileType = sourcecode.swift; path = GameController.swift; sourceTree = "<group>"; };
		EA3D03D72BF6AF1800CC2DD0 /* Square.swift */ = {isa = PBXFileReference; fileEncoding = 4; lastKnownFileType = sourcecode.swift; path = Square.swift; sourceTree = "<group>"; };
		EA3D03D82BF6AF1800CC2DD0 /* GlobalEvent.swift */ = {isa = PBXFileReference; fileEncoding = 4; lastKnownFileType = sourcecode.swift; path = GlobalEvent.swift; sourceTree = "<group>"; };
		EA3D03DA2BF6AF1800CC2DD0 /* PlayerType.swift */ = {isa = PBXFileReference; fileEncoding = 4; lastKnownFileType = sourcecode.swift; path = PlayerType.swift; sourceTree = "<group>"; };
		EA3D03DB2BF6AF1800CC2DD0 /* EventDispatcher.swift */ = {isa = PBXFileReference; fileEncoding = 4; lastKnownFileType = sourcecode.swift; path = EventDispatcher.swift; sourceTree = "<group>"; };
		EA3D04202BF73D4D00CC2DD0 /* BridgingHeader.h */ = {isa = PBXFileReference; lastKnownFileType = sourcecode.c.h; path = BridgingHeader.h; sourceTree = "<group>"; };
		EAEC09552C1F214D0035F2D1 /* ChessEngine.xcodeproj */ = {isa = PBXFileReference; lastKnownFileType = "wrapper.pb-project"; name = ChessEngine.xcodeproj; path = ../ChessEngine/ChessEngine.xcodeproj; sourceTree = "<group>"; };
		EAEC096A2C1F259E0035F2D1 /* ChessBETests.xctest */ = {isa = PBXFileReference; explicitFileType = wrapper.cfbundle; includeInIndex = 0; path = ChessBETests.xctest; sourceTree = BUILT_PRODUCTS_DIR; };
		EAEC096C2C1F259E0035F2D1 /* ChessBETests.swift */ = {isa = PBXFileReference; lastKnownFileType = sourcecode.swift; path = ChessBETests.swift; sourceTree = "<group>"; };
		EAEC09742C21CB490035F2D1 /* GameWrapper.swift */ = {isa = PBXFileReference; lastKnownFileType = sourcecode.swift; path = GameWrapper.swift; sourceTree = "<group>"; };
		EAEC09762C21CC480035F2D1 /* Engine.swift */ = {isa = PBXFileReference; lastKnownFileType = sourcecode.swift; path = Engine.swift; sourceTree = "<group>"; };
/* End PBXFileReference section */

/* Begin PBXFrameworksBuildPhase section */
		EA3D03AF2BF6AEBE00CC2DD0 /* Frameworks */ = {
			isa = PBXFrameworksBuildPhase;
			buildActionMask = 2147483647;
			files = (
			);
			runOnlyForDeploymentPostprocessing = 0;
		};
		EAEC09672C1F259E0035F2D1 /* Frameworks */ = {
			isa = PBXFrameworksBuildPhase;
			buildActionMask = 2147483647;
			files = (
				EAEC096E2C1F259E0035F2D1 /* libChessBE.a in Frameworks */,
			);
			runOnlyForDeploymentPostprocessing = 0;
		};
/* End PBXFrameworksBuildPhase section */

/* Begin PBXGroup section */
		EA3D03A82BF6AEBE00CC2DD0 = {
			isa = PBXGroup;
			children = (
				EAEC09552C1F214D0035F2D1 /* ChessEngine.xcodeproj */,
				EA3D04202BF73D4D00CC2DD0 /* BridgingHeader.h */,
				EA3D03D02BF6AF1800CC2DD0 /* common */,
				EA3D03C12BF6AF1800CC2DD0 /* engine-orig */,
				EAEC096B2C1F259E0035F2D1 /* ChessBETests */,
				EA3D03B22BF6AEBE00CC2DD0 /* Products */,
			);
			sourceTree = "<group>";
		};
		EA3D03B22BF6AEBE00CC2DD0 /* Products */ = {
			isa = PBXGroup;
			children = (
				EA3D03B12BF6AEBE00CC2DD0 /* libChessBE.a */,
				EAEC096A2C1F259E0035F2D1 /* ChessBETests.xctest */,
			);
			name = Products;
			sourceTree = "<group>";
		};
		EA3D03C12BF6AF1800CC2DD0 /* engine-orig */ = {
			isa = PBXGroup;
			children = (
				EA3D03C22BF6AF1800CC2DD0 /* MoveGenerator.swift */,
				EA3D03C32BF6AF1800CC2DD0 /* Move.swift */,
				EA3D03C42BF6AF1800CC2DD0 /* MoveList.swift */,
				EA3D03C52BF6AF1800CC2DD0 /* DefaultEvaluator.swift */,
				EA3D03C62BF6AF1800CC2DD0 /* Piece.swift */,
				EA3D03C72BF6AF1800CC2DD0 /* Aba.swift */,
				EA3D03C82BF6AF1800CC2DD0 /* AnalysisInfo.swift */,
				EA3D03C92BF6AF1800CC2DD0 /* BasicEndgameEvaluators.swift */,
				EA3D03CA2BF6AF1800CC2DD0 /* EvaluationSupport.swift */,
				EA3D03CB2BF6AF1800CC2DD0 /* MateDetector.swift */,
				EA3D03CC2BF6AF1800CC2DD0 /* SquareInfo.swift */,
				EA3D03CD2BF6AF1800CC2DD0 /* GameState.swift */,
				EA3D03CE2BF6AF1800CC2DD0 /* AttackDetector.swift */,
			);
			path = "engine-orig";
			sourceTree = "<group>";
		};
		EA3D03D02BF6AF1800CC2DD0 /* common */ = {
			isa = PBXGroup;
			children = (
				EA3D03D12BF6AF1800CC2DD0 /* ChessError.swift */,
				EA3D03D22BF6AF1800CC2DD0 /* MoveSelectionController.swift */,
				EA3D03D32BF6AF1800CC2DD0 /* InternalEvent.swift */,
				EA3D03D42BF6AF1800CC2DD0 /* RunMode.swift */,
				EA3D03D52BF6AF1800CC2DD0 /* Result.swift */,
				EA3D03D62BF6AF1800CC2DD0 /* GameController.swift */,
				EA3D03D72BF6AF1800CC2DD0 /* Square.swift */,
				EA3D03D82BF6AF1800CC2DD0 /* GlobalEvent.swift */,
				EA3D03DA2BF6AF1800CC2DD0 /* PlayerType.swift */,
				EA3D03DB2BF6AF1800CC2DD0 /* EventDispatcher.swift */,
				EAEC09742C21CB490035F2D1 /* GameWrapper.swift */,
				EAEC09762C21CC480035F2D1 /* Engine.swift */,
			);
			path = common;
			sourceTree = "<group>";
		};
		EAEC09562C1F214D0035F2D1 /* Products */ = {
			isa = PBXGroup;
			children = (
				EAEC095C2C1F214D0035F2D1 /* libChessEngine.a */,
				EAEC095E2C1F214D0035F2D1 /* ChessEngineTests.xctest */,
			);
			name = Products;
			sourceTree = "<group>";
		};
		EAEC096B2C1F259E0035F2D1 /* ChessBETests */ = {
			isa = PBXGroup;
			children = (
				EAEC096C2C1F259E0035F2D1 /* ChessBETests.swift */,
			);
			path = ChessBETests;
			sourceTree = "<group>";
		};
/* End PBXGroup section */

/* Begin PBXHeadersBuildPhase section */
		EA3D03AD2BF6AEBE00CC2DD0 /* Headers */ = {
			isa = PBXHeadersBuildPhase;
			buildActionMask = 2147483647;
			files = (
			);
			runOnlyForDeploymentPostprocessing = 0;
		};
/* End PBXHeadersBuildPhase section */

/* Begin PBXNativeTarget section */
		EA3D03B02BF6AEBE00CC2DD0 /* ChessBE */ = {
			isa = PBXNativeTarget;
			buildConfigurationList = EA3D03B52BF6AEBE00CC2DD0 /* Build configuration list for PBXNativeTarget "ChessBE" */;
			buildPhases = (
				EA3D03AD2BF6AEBE00CC2DD0 /* Headers */,
				EA3D03AE2BF6AEBE00CC2DD0 /* Sources */,
				EA3D03AF2BF6AEBE00CC2DD0 /* Frameworks */,
			);
			buildRules = (
			);
			dependencies = (
			);
			name = ChessBE;
			productName = ChessBE;
			productReference = EA3D03B12BF6AEBE00CC2DD0 /* libChessBE.a */;
			productType = "com.apple.product-type.library.static";
		};
		EAEC09692C1F259E0035F2D1 /* ChessBETests */ = {
			isa = PBXNativeTarget;
			buildConfigurationList = EAEC09712C1F259E0035F2D1 /* Build configuration list for PBXNativeTarget "ChessBETests" */;
			buildPhases = (
				EAEC09662C1F259E0035F2D1 /* Sources */,
				EAEC09672C1F259E0035F2D1 /* Frameworks */,
				EAEC09682C1F259E0035F2D1 /* Resources */,
			);
			buildRules = (
			);
			dependencies = (
				EAEC09702C1F259E0035F2D1 /* PBXTargetDependency */,
			);
			name = ChessBETests;
			productName = ChessBETests;
			productReference = EAEC096A2C1F259E0035F2D1 /* ChessBETests.xctest */;
			productType = "com.apple.product-type.bundle.unit-test";
		};
/* End PBXNativeTarget section */

/* Begin PBXProject section */
		EA3D03A92BF6AEBE00CC2DD0 /* Project object */ = {
			isa = PBXProject;
			attributes = {
				BuildIndependentTargetsInParallel = 1;
				LastSwiftUpdateCheck = 1500;
				LastUpgradeCheck = 1500;
				TargetAttributes = {
					EA3D03B02BF6AEBE00CC2DD0 = {
						CreatedOnToolsVersion = 15.0;
					};
					EAEC09692C1F259E0035F2D1 = {
						CreatedOnToolsVersion = 15.0;
					};
				};
			};
			buildConfigurationList = EA3D03AC2BF6AEBE00CC2DD0 /* Build configuration list for PBXProject "ChessBE" */;
			compatibilityVersion = "Xcode 14.0";
			developmentRegion = en;
			hasScannedForEncodings = 0;
			knownRegions = (
				en,
				Base,
			);
			mainGroup = EA3D03A82BF6AEBE00CC2DD0;
			productRefGroup = EA3D03B22BF6AEBE00CC2DD0 /* Products */;
			projectDirPath = "";
			projectReferences = (
				{
					ProductGroup = EAEC09562C1F214D0035F2D1 /* Products */;
					ProjectRef = EAEC09552C1F214D0035F2D1 /* ChessEngine.xcodeproj */;
				},
			);
			projectRoot = "";
			targets = (
				EA3D03B02BF6AEBE00CC2DD0 /* ChessBE */,
				EAEC09692C1F259E0035F2D1 /* ChessBETests */,
			);
		};
/* End PBXProject section */

/* Begin PBXReferenceProxy section */
		EAEC095C2C1F214D0035F2D1 /* libChessEngine.a */ = {
			isa = PBXReferenceProxy;
			fileType = archive.ar;
			path = libChessEngine.a;
			remoteRef = EAEC095B2C1F214D0035F2D1 /* PBXContainerItemProxy */;
			sourceTree = BUILT_PRODUCTS_DIR;
		};
		EAEC095E2C1F214D0035F2D1 /* ChessEngineTests.xctest */ = {
			isa = PBXReferenceProxy;
			fileType = wrapper.cfbundle;
			path = ChessEngineTests.xctest;
			remoteRef = EAEC095D2C1F214D0035F2D1 /* PBXContainerItemProxy */;
			sourceTree = BUILT_PRODUCTS_DIR;
		};
/* End PBXReferenceProxy section */

/* Begin PBXResourcesBuildPhase section */
		EAEC09682C1F259E0035F2D1 /* Resources */ = {
			isa = PBXResourcesBuildPhase;
			buildActionMask = 2147483647;
			files = (
			);
			runOnlyForDeploymentPostprocessing = 0;
		};
/* End PBXResourcesBuildPhase section */

/* Begin PBXSourcesBuildPhase section */
		EA3D03AE2BF6AEBE00CC2DD0 /* Sources */ = {
			isa = PBXSourcesBuildPhase;
			buildActionMask = 2147483647;
			files = (
				EA3D03E52BF6AF1800CC2DD0 /* BasicEndgameEvaluators.swift in Sources */,
				EAEC09772C21CC480035F2D1 /* Engine.swift in Sources */,
				EA3D03F62BF6AF1800CC2DD0 /* EventDispatcher.swift in Sources */,
				EA3D03F22BF6AF1800CC2DD0 /* Square.swift in Sources */,
				EA3D03E32BF6AF1800CC2DD0 /* Aba.swift in Sources */,
				EA3D03E62BF6AF1800CC2DD0 /* EvaluationSupport.swift in Sources */,
				EA3D03DF2BF6AF1800CC2DD0 /* Move.swift in Sources */,
				EA3D03E22BF6AF1800CC2DD0 /* Piece.swift in Sources */,
				EA3D03ED2BF6AF1800CC2DD0 /* MoveSelectionController.swift in Sources */,
				EA3D03E42BF6AF1800CC2DD0 /* AnalysisInfo.swift in Sources */,
				EA3D03E72BF6AF1800CC2DD0 /* MateDetector.swift in Sources */,
				EA3D03E92BF6AF1800CC2DD0 /* GameState.swift in Sources */,
				EA3D03E02BF6AF1800CC2DD0 /* MoveList.swift in Sources */,
				EA3D03EC2BF6AF1800CC2DD0 /* ChessError.swift in Sources */,
				EA3D03E82BF6AF1800CC2DD0 /* SquareInfo.swift in Sources */,
				EA3D03EA2BF6AF1800CC2DD0 /* AttackDetector.swift in Sources */,
				EA3D03EE2BF6AF1800CC2DD0 /* InternalEvent.swift in Sources */,
				EA3D03DE2BF6AF1800CC2DD0 /* MoveGenerator.swift in Sources */,
				EAEC09752C21CB490035F2D1 /* GameWrapper.swift in Sources */,
				EA3D03F02BF6AF1800CC2DD0 /* Result.swift in Sources */,
				EA3D03F12BF6AF1800CC2DD0 /* GameController.swift in Sources */,
				EA3D03F52BF6AF1800CC2DD0 /* PlayerType.swift in Sources */,
				EA3D03EF2BF6AF1800CC2DD0 /* RunMode.swift in Sources */,
				EA3D03E12BF6AF1800CC2DD0 /* DefaultEvaluator.swift in Sources */,
				EA3D03F32BF6AF1800CC2DD0 /* GlobalEvent.swift in Sources */,
			);
			runOnlyForDeploymentPostprocessing = 0;
		};
		EAEC09662C1F259E0035F2D1 /* Sources */ = {
			isa = PBXSourcesBuildPhase;
			buildActionMask = 2147483647;
			files = (
				EAEC096D2C1F259E0035F2D1 /* ChessBETests.swift in Sources */,
			);
			runOnlyForDeploymentPostprocessing = 0;
		};
/* End PBXSourcesBuildPhase section */

/* Begin PBXTargetDependency section */
		EAEC09702C1F259E0035F2D1 /* PBXTargetDependency */ = {
			isa = PBXTargetDependency;
			target = EA3D03B02BF6AEBE00CC2DD0 /* ChessBE */;
			targetProxy = EAEC096F2C1F259E0035F2D1 /* PBXContainerItemProxy */;
		};
/* End PBXTargetDependency section */

/* Begin XCBuildConfiguration section */
		EA3D03B32BF6AEBE00CC2DD0 /* Debug */ = {
			isa = XCBuildConfiguration;
			buildSettings = {
				ALWAYS_SEARCH_USER_PATHS = NO;
				ASSETCATALOG_COMPILER_GENERATE_SWIFT_ASSET_SYMBOL_EXTENSIONS = YES;
				CLANG_ANALYZER_NONNULL = YES;
				CLANG_ANALYZER_NUMBER_OBJECT_CONVERSION = YES_AGGRESSIVE;
				CLANG_CXX_LANGUAGE_STANDARD = "gnu++20";
				CLANG_ENABLE_MODULES = YES;
				CLANG_ENABLE_OBJC_ARC = YES;
				CLANG_ENABLE_OBJC_WEAK = YES;
				CLANG_WARN_BLOCK_CAPTURE_AUTORELEASING = YES;
				CLANG_WARN_BOOL_CONVERSION = YES;
				CLANG_WARN_COMMA = YES;
				CLANG_WARN_CONSTANT_CONVERSION = YES;
				CLANG_WARN_DEPRECATED_OBJC_IMPLEMENTATIONS = YES;
				CLANG_WARN_DIRECT_OBJC_ISA_USAGE = YES_ERROR;
				CLANG_WARN_DOCUMENTATION_COMMENTS = YES;
				CLANG_WARN_EMPTY_BODY = YES;
				CLANG_WARN_ENUM_CONVERSION = YES;
				CLANG_WARN_INFINITE_RECURSION = YES;
				CLANG_WARN_INT_CONVERSION = YES;
				CLANG_WARN_NON_LITERAL_NULL_CONVERSION = YES;
				CLANG_WARN_OBJC_IMPLICIT_RETAIN_SELF = YES;
				CLANG_WARN_OBJC_LITERAL_CONVERSION = YES;
				CLANG_WARN_OBJC_ROOT_CLASS = YES_ERROR;
				CLANG_WARN_QUOTED_INCLUDE_IN_FRAMEWORK_HEADER = YES;
				CLANG_WARN_RANGE_LOOP_ANALYSIS = YES;
				CLANG_WARN_STRICT_PROTOTYPES = YES;
				CLANG_WARN_SUSPICIOUS_MOVE = YES;
				CLANG_WARN_UNGUARDED_AVAILABILITY = YES_AGGRESSIVE;
				CLANG_WARN_UNREACHABLE_CODE = YES;
				CLANG_WARN__DUPLICATE_METHOD_MATCH = YES;
				COPY_PHASE_STRIP = NO;
				DEBUG_INFORMATION_FORMAT = dwarf;
				ENABLE_STRICT_OBJC_MSGSEND = YES;
				ENABLE_TESTABILITY = YES;
				ENABLE_USER_SCRIPT_SANDBOXING = YES;
				GCC_C_LANGUAGE_STANDARD = gnu17;
				GCC_DYNAMIC_NO_PIC = NO;
				GCC_NO_COMMON_BLOCKS = YES;
				GCC_OPTIMIZATION_LEVEL = 0;
				GCC_PREPROCESSOR_DEFINITIONS = (
					"DEBUG=1",
					"$(inherited)",
				);
				GCC_WARN_64_TO_32_BIT_CONVERSION = YES;
				GCC_WARN_ABOUT_RETURN_TYPE = YES_ERROR;
				GCC_WARN_UNDECLARED_SELECTOR = YES;
				GCC_WARN_UNINITIALIZED_AUTOS = YES_AGGRESSIVE;
				GCC_WARN_UNUSED_FUNCTION = YES;
				GCC_WARN_UNUSED_VARIABLE = YES;
				LOCALIZATION_PREFERS_STRING_CATALOGS = YES;
				MACOSX_DEPLOYMENT_TARGET = 14.0;
				MTL_ENABLE_DEBUG_INFO = INCLUDE_SOURCE;
				MTL_FAST_MATH = YES;
				ONLY_ACTIVE_ARCH = YES;
				SDKROOT = macosx;
				SWIFT_VERSION = 5.0;
			};
			name = Debug;
		};
		EA3D03B42BF6AEBE00CC2DD0 /* Release */ = {
			isa = XCBuildConfiguration;
			buildSettings = {
				ALWAYS_SEARCH_USER_PATHS = NO;
				ASSETCATALOG_COMPILER_GENERATE_SWIFT_ASSET_SYMBOL_EXTENSIONS = YES;
				CLANG_ANALYZER_NONNULL = YES;
				CLANG_ANALYZER_NUMBER_OBJECT_CONVERSION = YES_AGGRESSIVE;
				CLANG_CXX_LANGUAGE_STANDARD = "gnu++20";
				CLANG_ENABLE_MODULES = YES;
				CLANG_ENABLE_OBJC_ARC = YES;
				CLANG_ENABLE_OBJC_WEAK = YES;
				CLANG_WARN_BLOCK_CAPTURE_AUTORELEASING = YES;
				CLANG_WARN_BOOL_CONVERSION = YES;
				CLANG_WARN_COMMA = YES;
				CLANG_WARN_CONSTANT_CONVERSION = YES;
				CLANG_WARN_DEPRECATED_OBJC_IMPLEMENTATIONS = YES;
				CLANG_WARN_DIRECT_OBJC_ISA_USAGE = YES_ERROR;
				CLANG_WARN_DOCUMENTATION_COMMENTS = YES;
				CLANG_WARN_EMPTY_BODY = YES;
				CLANG_WARN_ENUM_CONVERSION = YES;
				CLANG_WARN_INFINITE_RECURSION = YES;
				CLANG_WARN_INT_CONVERSION = YES;
				CLANG_WARN_NON_LITERAL_NULL_CONVERSION = YES;
				CLANG_WARN_OBJC_IMPLICIT_RETAIN_SELF = YES;
				CLANG_WARN_OBJC_LITERAL_CONVERSION = YES;
				CLANG_WARN_OBJC_ROOT_CLASS = YES_ERROR;
				CLANG_WARN_QUOTED_INCLUDE_IN_FRAMEWORK_HEADER = YES;
				CLANG_WARN_RANGE_LOOP_ANALYSIS = YES;
				CLANG_WARN_STRICT_PROTOTYPES = YES;
				CLANG_WARN_SUSPICIOUS_MOVE = YES;
				CLANG_WARN_UNGUARDED_AVAILABILITY = YES_AGGRESSIVE;
				CLANG_WARN_UNREACHABLE_CODE = YES;
				CLANG_WARN__DUPLICATE_METHOD_MATCH = YES;
				COPY_PHASE_STRIP = NO;
				DEBUG_INFORMATION_FORMAT = "dwarf-with-dsym";
				ENABLE_NS_ASSERTIONS = NO;
				ENABLE_STRICT_OBJC_MSGSEND = YES;
				ENABLE_USER_SCRIPT_SANDBOXING = YES;
				GCC_C_LANGUAGE_STANDARD = gnu17;
				GCC_NO_COMMON_BLOCKS = YES;
				GCC_WARN_64_TO_32_BIT_CONVERSION = YES;
				GCC_WARN_ABOUT_RETURN_TYPE = YES_ERROR;
				GCC_WARN_UNDECLARED_SELECTOR = YES;
				GCC_WARN_UNINITIALIZED_AUTOS = YES_AGGRESSIVE;
				GCC_WARN_UNUSED_FUNCTION = YES;
				GCC_WARN_UNUSED_VARIABLE = YES;
				LOCALIZATION_PREFERS_STRING_CATALOGS = YES;
				MACOSX_DEPLOYMENT_TARGET = 14.0;
				MTL_ENABLE_DEBUG_INFO = NO;
				MTL_FAST_MATH = YES;
				SDKROOT = macosx;
				SWIFT_VERSION = 5.0;
			};
			name = Release;
		};
		EA3D03B62BF6AEBE00CC2DD0 /* Debug */ = {
			isa = XCBuildConfiguration;
			buildSettings = {
				CODE_SIGN_STYLE = Automatic;
				DEVELOPMENT_TEAM = 4252B3HDL2;
				EXECUTABLE_PREFIX = lib;
				PRODUCT_NAME = "$(TARGET_NAME)";
				SKIP_INSTALL = YES;
				SWIFT_OBJC_BRIDGING_HEADER = BridgingHeader.h;
				"SWIFT_OBJC_BRIDGING_HEADER[arch=*]" = BridgingHeader.h;
				SWIFT_VERSION = 5.0;
			};
			name = Debug;
		};
		EA3D03B72BF6AEBE00CC2DD0 /* Release */ = {
			isa = XCBuildConfiguration;
			buildSettings = {
				CODE_SIGN_STYLE = Automatic;
				DEVELOPMENT_TEAM = 4252B3HDL2;
				EXECUTABLE_PREFIX = lib;
				PRODUCT_NAME = "$(TARGET_NAME)";
				SKIP_INSTALL = YES;
				SWIFT_OBJC_BRIDGING_HEADER = BridgingHeader.h;
				SWIFT_VERSION = 5.0;
			};
			name = Release;
		};
		EAEC09722C1F259E0035F2D1 /* Debug */ = {
			isa = XCBuildConfiguration;
			buildSettings = {
				CODE_SIGN_STYLE = Automatic;
				CURRENT_PROJECT_VERSION = 1;
				DEVELOPMENT_TEAM = 4252B3HDL2;
				GENERATE_INFOPLIST_FILE = YES;
				MARKETING_VERSION = 1.0;
				PRODUCT_BUNDLE_IDENTIFIER = uk.co.cleopatra.ChessBETests;
				PRODUCT_NAME = "$(TARGET_NAME)";
				SWIFT_ACTIVE_COMPILATION_CONDITIONS = "DEBUG $(inherited)";
				SWIFT_EMIT_LOC_STRINGS = NO;
				SWIFT_OPTIMIZATION_LEVEL = "-Onone";
				SWIFT_VERSION = 5.0;
			};
			name = Debug;
		};
		EAEC09732C1F259E0035F2D1 /* Release */ = {
			isa = XCBuildConfiguration;
			buildSettings = {
				CODE_SIGN_STYLE = Automatic;
				CURRENT_PROJECT_VERSION = 1;
				DEVELOPMENT_TEAM = 4252B3HDL2;
				GENERATE_INFOPLIST_FILE = YES;
				MARKETING_VERSION = 1.0;
				PRODUCT_BUNDLE_IDENTIFIER = uk.co.cleopatra.ChessBETests;
				PRODUCT_NAME = "$(TARGET_NAME)";
				SWIFT_COMPILATION_MODE = wholemodule;
				SWIFT_EMIT_LOC_STRINGS = NO;
				SWIFT_VERSION = 5.0;
			};
			name = Release;
		};
/* End XCBuildConfiguration section */

/* Begin XCConfigurationList section */
		EA3D03AC2BF6AEBE00CC2DD0 /* Build configuration list for PBXProject "ChessBE" */ = {
			isa = XCConfigurationList;
			buildConfigurations = (
				EA3D03B32BF6AEBE00CC2DD0 /* Debug */,
				EA3D03B42BF6AEBE00CC2DD0 /* Release */,
			);
			defaultConfigurationIsVisible = 0;
			defaultConfigurationName = Release;
		};
		EA3D03B52BF6AEBE00CC2DD0 /* Build configuration list for PBXNativeTarget "ChessBE" */ = {
			isa = XCConfigurationList;
			buildConfigurations = (
				EA3D03B62BF6AEBE00CC2DD0 /* Debug */,
				EA3D03B72BF6AEBE00CC2DD0 /* Release */,
			);
			defaultConfigurationIsVisible = 0;
			defaultConfigurationName = Release;
		};
		EAEC09712C1F259E0035F2D1 /* Build configuration list for PBXNativeTarget "ChessBETests" */ = {
			isa = XCConfigurationList;
			buildConfigurations = (
				EAEC09722C1F259E0035F2D1 /* Debug */,
				EAEC09732C1F259E0035F2D1 /* Release */,
			);
			defaultConfigurationIsVisible = 0;
			defaultConfigurationName = Release;
		};
/* End XCConfigurationList section */
	};
	rootObject = EA3D03A92BF6AEBE00CC2DD0 /* Project object */;
}
